// !$*UTF8*$!
{
	archiveVersion = 1;
	classes = {
	};
	objectVersion = 48;
	objects = {

/* Begin PBXBuildFile section */
		4367FD4E2027EF2C007B53DB /* AppDelegate.swift in Sources */ = {isa = PBXBuildFile; fileRef = 4367FD4D2027EF2C007B53DB /* AppDelegate.swift */; };
		4367FD502027EF2C007B53DB /* ViewController.swift in Sources */ = {isa = PBXBuildFile; fileRef = 4367FD4F2027EF2C007B53DB /* ViewController.swift */; };
		4367FD532027EF2C007B53DB /* Main.storyboard in Resources */ = {isa = PBXBuildFile; fileRef = 4367FD512027EF2C007B53DB /* Main.storyboard */; };
		4367FD552027EF2C007B53DB /* Assets.xcassets in Resources */ = {isa = PBXBuildFile; fileRef = 4367FD542027EF2C007B53DB /* Assets.xcassets */; };
		4367FD582027EF2C007B53DB /* LaunchScreen.storyboard in Resources */ = {isa = PBXBuildFile; fileRef = 4367FD562027EF2C007B53DB /* LaunchScreen.storyboard */; };
		4367FD632027EF2C007B53DB /* FlixTests.swift in Sources */ = {isa = PBXBuildFile; fileRef = 4367FD622027EF2C007B53DB /* FlixTests.swift */; };
		4367FD6E2027EF2C007B53DB /* FlixUITests.swift in Sources */ = {isa = PBXBuildFile; fileRef = 4367FD6D2027EF2C007B53DB /* FlixUITests.swift */; };
/* End PBXBuildFile section */

/* Begin PBXContainerItemProxy section */
		4367FD5F2027EF2C007B53DB /* PBXContainerItemProxy */ = {
			isa = PBXContainerItemProxy;
			containerPortal = 4367FD422027EF2C007B53DB /* Project object */;
			proxyType = 1;
			remoteGlobalIDString = 4367FD492027EF2C007B53DB;
			remoteInfo = Flix;
		};
		4367FD6A2027EF2C007B53DB /* PBXContainerItemProxy */ = {
			isa = PBXContainerItemProxy;
			containerPortal = 4367FD422027EF2C007B53DB /* Project object */;
			proxyType = 1;
			remoteGlobalIDString = 4367FD492027EF2C007B53DB;
			remoteInfo = Flix;
		};
/* End PBXContainerItemProxy section */

/* Begin PBXFileReference section */
		4367FD4A2027EF2C007B53DB /* Flix.app */ = {isa = PBXFileReference; explicitFileType = wrapper.application; includeInIndex = 0; path = Flix.app; sourceTree = BUILT_PRODUCTS_DIR; };
		4367FD4D2027EF2C007B53DB /* AppDelegate.swift */ = {isa = PBXFileReference; lastKnownFileType = sourcecode.swift; path = AppDelegate.swift; sourceTree = "<group>"; };
		4367FD4F2027EF2C007B53DB /* ViewController.swift */ = {isa = PBXFileReference; lastKnownFileType = sourcecode.swift; path = ViewController.swift; sourceTree = "<group>"; };
		4367FD522027EF2C007B53DB /* Base */ = {isa = PBXFileReference; lastKnownFileType = file.storyboard; name = Base; path = Base.lproj/Main.storyboard; sourceTree = "<group>"; };
		4367FD542027EF2C007B53DB /* Assets.xcassets */ = {isa = PBXFileReference; lastKnownFileType = folder.assetcatalog; path = Assets.xcassets; sourceTree = "<group>"; };
		4367FD572027EF2C007B53DB /* Base */ = {isa = PBXFileReference; lastKnownFileType = file.storyboard; name = Base; path = Base.lproj/LaunchScreen.storyboard; sourceTree = "<group>"; };
		4367FD592027EF2C007B53DB /* Info.plist */ = {isa = PBXFileReference; lastKnownFileType = text.plist.xml; path = Info.plist; sourceTree = "<group>"; };
		4367FD5E2027EF2C007B53DB /* FlixTests.xctest */ = {isa = PBXFileReference; explicitFileType = wrapper.cfbundle; includeInIndex = 0; path = FlixTests.xctest; sourceTree = BUILT_PRODUCTS_DIR; };
		4367FD622027EF2C007B53DB /* FlixTests.swift */ = {isa = PBXFileReference; lastKnownFileType = sourcecode.swift; path = FlixTests.swift; sourceTree = "<group>"; };
		4367FD642027EF2C007B53DB /* Info.plist */ = {isa = PBXFileReference; lastKnownFileType = text.plist.xml; path = Info.plist; sourceTree = "<group>"; };
		4367FD692027EF2C007B53DB /* FlixUITests.xctest */ = {isa = PBXFileReference; explicitFileType = wrapper.cfbundle; includeInIndex = 0; path = FlixUITests.xctest; sourceTree = BUILT_PRODUCTS_DIR; };
		4367FD6D2027EF2C007B53DB /* FlixUITests.swift */ = {isa = PBXFileReference; lastKnownFileType = sourcecode.swift; path = FlixUITests.swift; sourceTree = "<group>"; };
		4367FD6F2027EF2C007B53DB /* Info.plist */ = {isa = PBXFileReference; lastKnownFileType = text.plist.xml; path = Info.plist; sourceTree = "<group>"; };
/* End PBXFileReference section */

/* Begin PBXFrameworksBuildPhase section */
		4367FD472027EF2C007B53DB /* Frameworks */ = {
			isa = PBXFrameworksBuildPhase;
			buildActionMask = 2147483647;
			files = (
			);
			runOnlyForDeploymentPostprocessing = 0;
		};
		4367FD5B2027EF2C007B53DB /* Frameworks */ = {
			isa = PBXFrameworksBuildPhase;
			buildActionMask = 2147483647;
			files = (
			);
			runOnlyForDeploymentPostprocessing = 0;
		};
		4367FD662027EF2C007B53DB /* Frameworks */ = {
			isa = PBXFrameworksBuildPhase;
			buildActionMask = 2147483647;
			files = (
			);
			runOnlyForDeploymentPostprocessing = 0;
		};
/* End PBXFrameworksBuildPhase section */

/* Begin PBXGroup section */
		4367FD412027EF2C007B53DB = {
			isa = PBXGroup;
			children = (
				4367FD4C2027EF2C007B53DB /* Flix */,
				4367FD612027EF2C007B53DB /* FlixTests */,
				4367FD6C2027EF2C007B53DB /* FlixUITests */,
				4367FD4B2027EF2C007B53DB /* Products */,
			);
			sourceTree = "<group>";
		};
		4367FD4B2027EF2C007B53DB /* Products */ = {
			isa = PBXGroup;
			children = (
				4367FD4A2027EF2C007B53DB /* Flix.app */,
				4367FD5E2027EF2C007B53DB /* FlixTests.xctest */,
				4367FD692027EF2C007B53DB /* FlixUITests.xctest */,
			);
			name = Products;
			sourceTree = "<group>";
		};
		4367FD4C2027EF2C007B53DB /* Flix */ = {
			isa = PBXGroup;
			children = (
				4367FD4D2027EF2C007B53DB /* AppDelegate.swift */,
				4367FD4F2027EF2C007B53DB /* ViewController.swift */,
				4367FD512027EF2C007B53DB /* Main.storyboard */,
				4367FD542027EF2C007B53DB /* Assets.xcassets */,
				4367FD562027EF2C007B53DB /* LaunchScreen.storyboard */,
				4367FD592027EF2C007B53DB /* Info.plist */,
			);
			path = Flix;
			sourceTree = "<group>";
		};
		4367FD612027EF2C007B53DB /* FlixTests */ = {
			isa = PBXGroup;
			children = (
				4367FD622027EF2C007B53DB /* FlixTests.swift */,
				4367FD642027EF2C007B53DB /* Info.plist */,
			);
			path = FlixTests;
			sourceTree = "<group>";
		};
		4367FD6C2027EF2C007B53DB /* FlixUITests */ = {
			isa = PBXGroup;
			children = (
				4367FD6D2027EF2C007B53DB /* FlixUITests.swift */,
				4367FD6F2027EF2C007B53DB /* Info.plist */,
			);
			path = FlixUITests;
			sourceTree = "<group>";
		};
/* End PBXGroup section */

/* Begin PBXNativeTarget section */
		4367FD492027EF2C007B53DB /* Flix */ = {
			isa = PBXNativeTarget;
			buildConfigurationList = 4367FD722027EF2C007B53DB /* Build configuration list for PBXNativeTarget "Flix" */;
			buildPhases = (
				4367FD462027EF2C007B53DB /* Sources */,
				4367FD472027EF2C007B53DB /* Frameworks */,
				4367FD482027EF2C007B53DB /* Resources */,
			);
			buildRules = (
			);
			dependencies = (
			);
			name = Flix;
			productName = Flix;
			productReference = 4367FD4A2027EF2C007B53DB /* Flix.app */;
			productType = "com.apple.product-type.application";
		};
		4367FD5D2027EF2C007B53DB /* FlixTests */ = {
			isa = PBXNativeTarget;
			buildConfigurationList = 4367FD752027EF2C007B53DB /* Build configuration list for PBXNativeTarget "FlixTests" */;
			buildPhases = (
				4367FD5A2027EF2C007B53DB /* Sources */,
				4367FD5B2027EF2C007B53DB /* Frameworks */,
				4367FD5C2027EF2C007B53DB /* Resources */,
			);
			buildRules = (
			);
			dependencies = (
				4367FD602027EF2C007B53DB /* PBXTargetDependency */,
			);
			name = FlixTests;
			productName = FlixTests;
			productReference = 4367FD5E2027EF2C007B53DB /* FlixTests.xctest */;
			productType = "com.apple.product-type.bundle.unit-test";
		};
		4367FD682027EF2C007B53DB /* FlixUITests */ = {
			isa = PBXNativeTarget;
			buildConfigurationList = 4367FD782027EF2C007B53DB /* Build configuration list for PBXNativeTarget "FlixUITests" */;
			buildPhases = (
				4367FD652027EF2C007B53DB /* Sources */,
				4367FD662027EF2C007B53DB /* Frameworks */,
				4367FD672027EF2C007B53DB /* Resources */,
			);
			buildRules = (
			);
			dependencies = (
				4367FD6B2027EF2C007B53DB /* PBXTargetDependency */,
			);
			name = FlixUITests;
			productName = FlixUITests;
			productReference = 4367FD692027EF2C007B53DB /* FlixUITests.xctest */;
			productType = "com.apple.product-type.bundle.ui-testing";
		};
/* End PBXNativeTarget section */

/* Begin PBXProject section */
		4367FD422027EF2C007B53DB /* Project object */ = {
			isa = PBXProject;
			attributes = {
				LastSwiftUpdateCheck = 0920;
				LastUpgradeCheck = 0920;
				ORGANIZATIONNAME = "Kristine Laranjo";
				TargetAttributes = {
					4367FD492027EF2C007B53DB = {
						CreatedOnToolsVersion = 9.2;
						ProvisioningStyle = Automatic;
					};
					4367FD5D2027EF2C007B53DB = {
						CreatedOnToolsVersion = 9.2;
						ProvisioningStyle = Automatic;
						TestTargetID = 4367FD492027EF2C007B53DB;
					};
					4367FD682027EF2C007B53DB = {
						CreatedOnToolsVersion = 9.2;
						ProvisioningStyle = Automatic;
						TestTargetID = 4367FD492027EF2C007B53DB;
					};
				};
			};
			buildConfigurationList = 4367FD452027EF2C007B53DB /* Build configuration list for PBXProject "Flix" */;
			compatibilityVersion = "Xcode 8.0";
			developmentRegion = en;
			hasScannedForEncodings = 0;
			knownRegions = (
				en,
				Base,
			);
			mainGroup = 4367FD412027EF2C007B53DB;
			productRefGroup = 4367FD4B2027EF2C007B53DB /* Products */;
			projectDirPath = "";
			projectRoot = "";
			targets = (
				4367FD492027EF2C007B53DB /* Flix */,
				4367FD5D2027EF2C007B53DB /* FlixTests */,
				4367FD682027EF2C007B53DB /* FlixUITests */,
			);
		};
/* End PBXProject section */

/* Begin PBXResourcesBuildPhase section */
		4367FD482027EF2C007B53DB /* Resources */ = {
			isa = PBXResourcesBuildPhase;
			buildActionMask = 2147483647;
			files = (
				4367FD582027EF2C007B53DB /* LaunchScreen.storyboard in Resources */,
				4367FD552027EF2C007B53DB /* Assets.xcassets in Resources */,
				4367FD532027EF2C007B53DB /* Main.storyboard in Resources */,
			);
			runOnlyForDeploymentPostprocessing = 0;
		};
		4367FD5C2027EF2C007B53DB /* Resources */ = {
			isa = PBXResourcesBuildPhase;
			buildActionMask = 2147483647;
			files = (
			);
			runOnlyForDeploymentPostprocessing = 0;
		};
		4367FD672027EF2C007B53DB /* Resources */ = {
			isa = PBXResourcesBuildPhase;
			buildActionMask = 2147483647;
			files = (
			);
			runOnlyForDeploymentPostprocessing = 0;
		};
/* End PBXResourcesBuildPhase section */

/* Begin PBXSourcesBuildPhase section */
		4367FD462027EF2C007B53DB /* Sources */ = {
			isa = PBXSourcesBuildPhase;
			buildActionMask = 2147483647;
			files = (
				4367FD502027EF2C007B53DB /* ViewController.swift in Sources */,
				4367FD4E2027EF2C007B53DB /* AppDelegate.swift in Sources */,
			);
			runOnlyForDeploymentPostprocessing = 0;
		};
		4367FD5A2027EF2C007B53DB /* Sources */ = {
			isa = PBXSourcesBuildPhase;
			buildActionMask = 2147483647;
			files = (
				4367FD632027EF2C007B53DB /* FlixTests.swift in Sources */,
			);
			runOnlyForDeploymentPostprocessing = 0;
		};
		4367FD652027EF2C007B53DB /* Sources */ = {
			isa = PBXSourcesBuildPhase;
			buildActionMask = 2147483647;
			files = (
				4367FD6E2027EF2C007B53DB /* FlixUITests.swift in Sources */,
			);
			runOnlyForDeploymentPostprocessing = 0;
		};
/* End PBXSourcesBuildPhase section */

/* Begin PBXTargetDependency section */
		4367FD602027EF2C007B53DB /* PBXTargetDependency */ = {
			isa = PBXTargetDependency;
			target = 4367FD492027EF2C007B53DB /* Flix */;
			targetProxy = 4367FD5F2027EF2C007B53DB /* PBXContainerItemProxy */;
		};
		4367FD6B2027EF2C007B53DB /* PBXTargetDependency */ = {
			isa = PBXTargetDependency;
			target = 4367FD492027EF2C007B53DB /* Flix */;
			targetProxy = 4367FD6A2027EF2C007B53DB /* PBXContainerItemProxy */;
		};
/* End PBXTargetDependency section */

/* Begin PBXVariantGroup section */
		4367FD512027EF2C007B53DB /* Main.storyboard */ = {
			isa = PBXVariantGroup;
			children = (
				4367FD522027EF2C007B53DB /* Base */,
			);
			name = Main.storyboard;
			sourceTree = "<group>";
		};
		4367FD562027EF2C007B53DB /* LaunchScreen.storyboard */ = {
			isa = PBXVariantGroup;
			children = (
				4367FD572027EF2C007B53DB /* Base */,
			);
			name = LaunchScreen.storyboard;
			sourceTree = "<group>";
		};
/* End PBXVariantGroup section */

/* Begin XCBuildConfiguration section */
		4367FD702027EF2C007B53DB /* Debug */ = {
			isa = XCBuildConfiguration;
			buildSettings = {
				ALWAYS_SEARCH_USER_PATHS = NO;
				CLANG_ANALYZER_NONNULL = YES;
				CLANG_ANALYZER_NUMBER_OBJECT_CONVERSION = YES_AGGRESSIVE;
				CLANG_CXX_LANGUAGE_STANDARD = "gnu++14";
				CLANG_CXX_LIBRARY = "libc++";
				CLANG_ENABLE_MODULES = YES;
				CLANG_ENABLE_OBJC_ARC = YES;
				CLANG_WARN_BLOCK_CAPTURE_AUTORELEASING = YES;
				CLANG_WARN_BOOL_CONVERSION = YES;
				CLANG_WARN_COMMA = YES;
				CLANG_WARN_CONSTANT_CONVERSION = YES;
				CLANG_WARN_DIRECT_OBJC_ISA_USAGE = YES_ERROR;
				CLANG_WARN_DOCUMENTATION_COMMENTS = YES;
				CLANG_WARN_EMPTY_BODY = YES;
				CLANG_WARN_ENUM_CONVERSION = YES;
				CLANG_WARN_INFINITE_RECURSION = YES;
				CLANG_WARN_INT_CONVERSION = YES;
				CLANG_WARN_NON_LITERAL_NULL_CONVERSION = YES;
				CLANG_WARN_OBJC_LITERAL_CONVERSION = YES;
				CLANG_WARN_OBJC_ROOT_CLASS = YES_ERROR;
				CLANG_WARN_RANGE_LOOP_ANALYSIS = YES;
				CLANG_WARN_STRICT_PROTOTYPES = YES;
				CLANG_WARN_SUSPICIOUS_MOVE = YES;
				CLANG_WARN_UNGUARDED_AVAILABILITY = YES_AGGRESSIVE;
				CLANG_WARN_UNREACHABLE_CODE = YES;
				CLANG_WARN__DUPLICATE_METHOD_MATCH = YES;
				CODE_SIGN_IDENTITY = "iPhone Developer";
				COPY_PHASE_STRIP = NO;
				DEBUG_INFORMATION_FORMAT = dwarf;
				ENABLE_STRICT_OBJC_MSGSEND = YES;
				ENABLE_TESTABILITY = YES;
				GCC_C_LANGUAGE_STANDARD = gnu11;
				GCC_DYNAMIC_NO_PIC = NO;
				GCC_NO_COMMON_BLOCKS = YES;
				GCC_OPTIMIZATION_LEVEL = 0;
				GCC_PREPROCESSOR_DEFINITIONS = (
					"DEBUG=1",
					"$(inherited)",
				);
				GCC_WARN_64_TO_32_BIT_CONVERSION = YES;
				GCC_WARN_ABOUT_RETURN_TYPE = YES_ERROR;
				GCC_WARN_UNDECLARED_SELECTOR = YES;
				GCC_WARN_UNINITIALIZED_AUTOS = YES_AGGRESSIVE;
				GCC_WARN_UNUSED_FUNCTION = YES;
				GCC_WARN_UNUSED_VARIABLE = YES;
				IPHONEOS_DEPLOYMENT_TARGET = 11.2;
				MTL_ENABLE_DEBUG_INFO = YES;
				ONLY_ACTIVE_ARCH = YES;
				SDKROOT = iphoneos;
				SWIFT_ACTIVE_COMPILATION_CONDITIONS = DEBUG;
				SWIFT_OPTIMIZATION_LEVEL = "-Onone";
			};
			name = Debug;
		};
		4367FD712027EF2C007B53DB /* Release */ = {
			isa = XCBuildConfiguration;
			buildSettings = {
				ALWAYS_SEARCH_USER_PATHS = NO;
				CLANG_ANALYZER_NONNULL = YES;
				CLANG_ANALYZER_NUMBER_OBJECT_CONVERSION = YES_AGGRESSIVE;
				CLANG_CXX_LANGUAGE_STANDARD = "gnu++14";
				CLANG_CXX_LIBRARY = "libc++";
				CLANG_ENABLE_MODULES = YES;
				CLANG_ENABLE_OBJC_ARC = YES;
				CLANG_WARN_BLOCK_CAPTURE_AUTORELEASING = YES;
				CLANG_WARN_BOOL_CONVERSION = YES;
				CLANG_WARN_COMMA = YES;
				CLANG_WARN_CONSTANT_CONVERSION = YES;
				CLANG_WARN_DIRECT_OBJC_ISA_USAGE = YES_ERROR;
				CLANG_WARN_DOCUMENTATION_COMMENTS = YES;
				CLANG_WARN_EMPTY_BODY = YES;
				CLANG_WARN_ENUM_CONVERSION = YES;
				CLANG_WARN_INFINITE_RECURSION = YES;
				CLANG_WARN_INT_CONVERSION = YES;
				CLANG_WARN_NON_LITERAL_NULL_CONVERSION = YES;
				CLANG_WARN_OBJC_LITERAL_CONVERSION = YES;
				CLANG_WARN_OBJC_ROOT_CLASS = YES_ERROR;
				CLANG_WARN_RANGE_LOOP_ANALYSIS = YES;
				CLANG_WARN_STRICT_PROTOTYPES = YES;
				CLANG_WARN_SUSPICIOUS_MOVE = YES;
				CLANG_WARN_UNGUARDED_AVAILABILITY = YES_AGGRESSIVE;
				CLANG_WARN_UNREACHABLE_CODE = YES;
				CLANG_WARN__DUPLICATE_METHOD_MATCH = YES;
				CODE_SIGN_IDENTITY = "iPhone Developer";
				COPY_PHASE_STRIP = NO;
				DEBUG_INFORMATION_FORMAT = "dwarf-with-dsym";
				ENABLE_NS_ASSERTIONS = NO;
				ENABLE_STRICT_OBJC_MSGSEND = YES;
				GCC_C_LANGUAGE_STANDARD = gnu11;
				GCC_NO_COMMON_BLOCKS = YES;
				GCC_WARN_64_TO_32_BIT_CONVERSION = YES;
				GCC_WARN_ABOUT_RETURN_TYPE = YES_ERROR;
				GCC_WARN_UNDECLARED_SELECTOR = YES;
				GCC_WARN_UNINITIALIZED_AUTOS = YES_AGGRESSIVE;
				GCC_WARN_UNUSED_FUNCTION = YES;
				GCC_WARN_UNUSED_VARIABLE = YES;
				IPHONEOS_DEPLOYMENT_TARGET = 11.2;
				MTL_ENABLE_DEBUG_INFO = NO;
				SDKROOT = iphoneos;
				SWIFT_OPTIMIZATION_LEVEL = "-Owholemodule";
				VALIDATE_PRODUCT = YES;
			};
			name = Release;
		};
		4367FD732027EF2C007B53DB /* Debug */ = {
			isa = XCBuildConfiguration;
			buildSettings = {
				ASSETCATALOG_COMPILER_APPICON_NAME = AppIcon;
				CODE_SIGN_STYLE = Automatic;
				INFOPLIST_FILE = Flix/Info.plist;
				LD_RUNPATH_SEARCH_PATHS = "$(inherited) @executable_path/Frameworks";
				PRODUCT_BUNDLE_IDENTIFIER = edu.csumb.klaranjo.Flix;
				PRODUCT_NAME = "$(TARGET_NAME)";
				SWIFT_VERSION = 4.0;
				TARGETED_DEVICE_FAMILY = "1,2";
			};
			name = Debug;
		};
		4367FD742027EF2C007B53DB /* Release */ = {
			isa = XCBuildConfiguration;
			buildSettings = {
				ASSETCATALOG_COMPILER_APPICON_NAME = AppIcon;
				CODE_SIGN_STYLE = Automatic;
				INFOPLIST_FILE = Flix/Info.plist;
				LD_RUNPATH_SEARCH_PATHS = "$(inherited) @executable_path/Frameworks";
				PRODUCT_BUNDLE_IDENTIFIER = edu.csumb.klaranjo.Flix;
				PRODUCT_NAME = "$(TARGET_NAME)";
				SWIFT_VERSION = 4.0;
				TARGETED_DEVICE_FAMILY = "1,2";
			};
			name = Release;
		};
		4367FD762027EF2C007B53DB /* Debug */ = {
			isa = XCBuildConfiguration;
			buildSettings = {
				ALWAYS_EMBED_SWIFT_STANDARD_LIBRARIES = YES;
				BUNDLE_LOADER = "$(TEST_HOST)";
				CODE_SIGN_STYLE = Automatic;
				INFOPLIST_FILE = FlixTests/Info.plist;
				LD_RUNPATH_SEARCH_PATHS = "$(inherited) @executable_path/Frameworks @loader_path/Frameworks";
				PRODUCT_BUNDLE_IDENTIFIER = edu.csumb.klaranjo.FlixTests;
				PRODUCT_NAME = "$(TARGET_NAME)";
				SWIFT_VERSION = 4.0;
				TARGETED_DEVICE_FAMILY = "1,2";
				TEST_HOST = "$(BUILT_PRODUCTS_DIR)/Flix.app/Flix";
			};
			name = Debug;
		};
		4367FD772027EF2C007B53DB /* Release */ = {
			isa = XCBuildConfiguration;
			buildSettings = {
				ALWAYS_EMBED_SWIFT_STANDARD_LIBRARIES = YES;
				BUNDLE_LOADER = "$(TEST_HOST)";
				CODE_SIGN_STYLE = Automatic;
				INFOPLIST_FILE = FlixTests/Info.plist;
				LD_RUNPATH_SEARCH_PATHS = "$(inherited) @executable_path/Frameworks @loader_path/Frameworks";
				PRODUCT_BUNDLE_IDENTIFIER = edu.csumb.klaranjo.FlixTests;
				PRODUCT_NAME = "$(TARGET_NAME)";
				SWIFT_VERSION = 4.0;
				TARGETED_DEVICE_FAMILY = "1,2";
				TEST_HOST = "$(BUILT_PRODUCTS_DIR)/Flix.app/Flix";
			};
			name = Release;
		};
		4367FD792027EF2C007B53DB /* Debug */ = {
			isa = XCBuildConfiguration;
			buildSettings = {
				ALWAYS_EMBED_SWIFT_STANDARD_LIBRARIES = YES;
				CODE_SIGN_STYLE = Automatic;
				INFOPLIST_FILE = FlixUITests/Info.plist;
				LD_RUNPATH_SEARCH_PATHS = "$(inherited) @executable_path/Frameworks @loader_path/Frameworks";
				PRODUCT_BUNDLE_IDENTIFIER = edu.csumb.klaranjo.FlixUITests;
				PRODUCT_NAME = "$(TARGET_NAME)";
				SWIFT_VERSION = 4.0;
				TARGETED_DEVICE_FAMILY = "1,2";
				TEST_TARGET_NAME = Flix;
			};
			name = Debug;
		};
		4367FD7A2027EF2C007B53DB /* Release */ = {
			isa = XCBuildConfiguration;
			buildSettings = {
				ALWAYS_EMBED_SWIFT_STANDARD_LIBRARIES = YES;
				CODE_SIGN_STYLE = Automatic;
				INFOPLIST_FILE = FlixUITests/Info.plist;
				LD_RUNPATH_SEARCH_PATHS = "$(inherited) @executable_path/Frameworks @loader_path/Frameworks";
				PRODUCT_BUNDLE_IDENTIFIER = edu.csumb.klaranjo.FlixUITests;
				PRODUCT_NAME = "$(TARGET_NAME)";
				SWIFT_VERSION = 4.0;
				TARGETED_DEVICE_FAMILY = "1,2";
				TEST_TARGET_NAME = Flix;
			};
			name = Release;
		};
/* End XCBuildConfiguration section */

/* Begin XCConfigurationList section */
		4367FD452027EF2C007B53DB /* Build configuration list for PBXProject "Flix" */ = {
			isa = XCConfigurationList;
			buildConfigurations = (
				4367FD702027EF2C007B53DB /* Debug */,
				4367FD712027EF2C007B53DB /* Release */,
			);
			defaultConfigurationIsVisible = 0;
			defaultConfigurationName = Release;
		};
		4367FD722027EF2C007B53DB /* Build configuration list for PBXNativeTarget "Flix" */ = {
			isa = XCConfigurationList;
			buildConfigurations = (
				4367FD732027EF2C007B53DB /* Debug */,
				4367FD742027EF2C007B53DB /* Release */,
			);
			defaultConfigurationIsVisible = 0;
			defaultConfigurationName = Release;
		};
		4367FD752027EF2C007B53DB /* Build configuration list for PBXNativeTarget "FlixTests" */ = {
			isa = XCConfigurationList;
			buildConfigurations = (
				4367FD762027EF2C007B53DB /* Debug */,
				4367FD772027EF2C007B53DB /* Release */,
			);
			defaultConfigurationIsVisible = 0;
			defaultConfigurationName = Release;
		};
		4367FD782027EF2C007B53DB /* Build configuration list for PBXNativeTarget "FlixUITests" */ = {
			isa = XCConfigurationList;
			buildConfigurations = (
				4367FD792027EF2C007B53DB /* Debug */,
				4367FD7A2027EF2C007B53DB /* Release */,
			);
			defaultConfigurationIsVisible = 0;
			defaultConfigurationName = Release;
		};
/* End XCConfigurationList section */
	};
	rootObject = 4367FD422027EF2C007B53DB /* Project object */;
}
